
Microsoft Visual Studio Solution File, Format Version 12.00
# Visual Studio Version 17
VisualStudioVersion = 17.12.35707.178
MinimumVisualStudioVersion = 10.0.40219.1
Project("{FAE04EC0-301F-11D3-BF4B-00C04F79EFBC}") = "InternetBulletin.Shared", "InternetBulletin.Shared\InternetBulletin.Shared.csproj", "{22877550-C73C-48E2-BA43-671A3709E20A}"
EndProject
Project("{2150E333-8FDC-42A3-9474-1A3956D46DE8}") = "SolutionItems", "SolutionItems", "{A6A63F47-635D-459A-AD51-2E3BAC8ED38D}"
	ProjectSection(SolutionItems) = preProject
		.gitignore = .gitignore
	EndProjectSection
EndProject
Project("{FAE04EC0-301F-11D3-BF4B-00C04F79EFBC}") = "InternetBulletin.API", "InternetBulletin.API\InternetBulletin.API.csproj", "{D49102BE-FD5F-4A07-B7C8-4B49B46EFE9D}"
EndProject
Project("{FAE04EC0-301F-11D3-BF4B-00C04F79EFBC}") = "InternetBulletin.Business", "InternetBulletin.Business\InternetBulletin.Business.csproj", "{F2EF46BF-2E44-416C-9A09-321CE128B5EE}"
EndProject
Project("{FAE04EC0-301F-11D3-BF4B-00C04F79EFBC}") = "InternetBulletin.Data", "InternetBulletin.Data\InternetBulletin.Data.csproj", "{D2B5ED10-AC23-46EF-9C9C-A48A686C7D8E}"
EndProject
Project("{FAE04EC0-301F-11D3-BF4B-00C04F79EFBC}") = "InternetBulletin.UnitTests", "InternetBulletin.UnitTests\InternetBulletin.UnitTests.csproj", "{7D5DC3C7-4812-4049-95A4-42117300D03C}"
EndProject
Project("{FAE04EC0-301F-11D3-BF4B-00C04F79EFBC}") = "InternetBulletin.Functions", "InternetBulletin.Functions\InternetBulletin.Functions.csproj", "{0BCB10A7-037B-4674-82FC-1340827BA26A}"
EndProject
Project("{FAE04EC0-301F-11D3-BF4B-00C04F79EFBC}") = "InternetBulletin.Web", "InternetBulletin.Web\InternetBulletin.Web.csproj", "{9C37188D-4B3A-4C81-8087-BF81F5FB0B75}"
EndProject
Project("{00D1A9C2-B5F0-4AF3-8072-F6C62B433612}") = "InternetBulletin.Database", "InternetBulletin.Database\InternetBulletin.Database.sqlproj", "{849DF4E7-F43F-4238-ABAF-E3B145098584}"
EndProject
Global
	GlobalSection(SolutionConfigurationPlatforms) = preSolution
		Debug|Any CPU = Debug|Any CPU
		Debug|x64 = Debug|x64
		Debug|x86 = Debug|x86
		Release|Any CPU = Release|Any CPU
		Release|x64 = Release|x64
		Release|x86 = Release|x86
	EndGlobalSection
	GlobalSection(ProjectConfigurationPlatforms) = postSolution
		{22877550-C73C-48E2-BA43-671A3709E20A}.Debug|Any CPU.ActiveCfg = Debug|Any CPU
		{22877550-C73C-48E2-BA43-671A3709E20A}.Debug|Any CPU.Build.0 = Debug|Any CPU
		{22877550-C73C-48E2-BA43-671A3709E20A}.Debug|x64.ActiveCfg = Debug|Any CPU
		{22877550-C73C-48E2-BA43-671A3709E20A}.Debug|x64.Build.0 = Debug|Any CPU
		{22877550-C73C-48E2-BA43-671A3709E20A}.Debug|x86.ActiveCfg = Debug|Any CPU
		{22877550-C73C-48E2-BA43-671A3709E20A}.Debug|x86.Build.0 = Debug|Any CPU
		{22877550-C73C-48E2-BA43-671A3709E20A}.Release|Any CPU.ActiveCfg = Release|Any CPU
		{22877550-C73C-48E2-BA43-671A3709E20A}.Release|Any CPU.Build.0 = Release|Any CPU
		{22877550-C73C-48E2-BA43-671A3709E20A}.Release|x64.ActiveCfg = Release|Any CPU
		{22877550-C73C-48E2-BA43-671A3709E20A}.Release|x64.Build.0 = Release|Any CPU
		{22877550-C73C-48E2-BA43-671A3709E20A}.Release|x86.ActiveCfg = Release|Any CPU
		{22877550-C73C-48E2-BA43-671A3709E20A}.Release|x86.Build.0 = Release|Any CPU
		{D49102BE-FD5F-4A07-B7C8-4B49B46EFE9D}.Debug|Any CPU.ActiveCfg = Debug|Any CPU
		{D49102BE-FD5F-4A07-B7C8-4B49B46EFE9D}.Debug|Any CPU.Build.0 = Debug|Any CPU
		{D49102BE-FD5F-4A07-B7C8-4B49B46EFE9D}.Debug|x64.ActiveCfg = Debug|Any CPU
		{D49102BE-FD5F-4A07-B7C8-4B49B46EFE9D}.Debug|x64.Build.0 = Debug|Any CPU
		{D49102BE-FD5F-4A07-B7C8-4B49B46EFE9D}.Debug|x86.ActiveCfg = Debug|Any CPU
		{D49102BE-FD5F-4A07-B7C8-4B49B46EFE9D}.Debug|x86.Build.0 = Debug|Any CPU
		{D49102BE-FD5F-4A07-B7C8-4B49B46EFE9D}.Release|Any CPU.ActiveCfg = Release|Any CPU
		{D49102BE-FD5F-4A07-B7C8-4B49B46EFE9D}.Release|Any CPU.Build.0 = Release|Any CPU
		{D49102BE-FD5F-4A07-B7C8-4B49B46EFE9D}.Release|x64.ActiveCfg = Release|Any CPU
		{D49102BE-FD5F-4A07-B7C8-4B49B46EFE9D}.Release|x64.Build.0 = Release|Any CPU
		{D49102BE-FD5F-4A07-B7C8-4B49B46EFE9D}.Release|x86.ActiveCfg = Release|Any CPU
		{D49102BE-FD5F-4A07-B7C8-4B49B46EFE9D}.Release|x86.Build.0 = Release|Any CPU
		{F2EF46BF-2E44-416C-9A09-321CE128B5EE}.Debug|Any CPU.ActiveCfg = Debug|Any CPU
		{F2EF46BF-2E44-416C-9A09-321CE128B5EE}.Debug|Any CPU.Build.0 = Debug|Any CPU
		{F2EF46BF-2E44-416C-9A09-321CE128B5EE}.Debug|x64.ActiveCfg = Debug|Any CPU
		{F2EF46BF-2E44-416C-9A09-321CE128B5EE}.Debug|x64.Build.0 = Debug|Any CPU
		{F2EF46BF-2E44-416C-9A09-321CE128B5EE}.Debug|x86.ActiveCfg = Debug|Any CPU
		{F2EF46BF-2E44-416C-9A09-321CE128B5EE}.Debug|x86.Build.0 = Debug|Any CPU
		{F2EF46BF-2E44-416C-9A09-321CE128B5EE}.Release|Any CPU.ActiveCfg = Release|Any CPU
		{F2EF46BF-2E44-416C-9A09-321CE128B5EE}.Release|Any CPU.Build.0 = Release|Any CPU
		{F2EF46BF-2E44-416C-9A09-321CE128B5EE}.Release|x64.ActiveCfg = Release|Any CPU
		{F2EF46BF-2E44-416C-9A09-321CE128B5EE}.Release|x64.Build.0 = Release|Any CPU
		{F2EF46BF-2E44-416C-9A09-321CE128B5EE}.Release|x86.ActiveCfg = Release|Any CPU
		{F2EF46BF-2E44-416C-9A09-321CE128B5EE}.Release|x86.Build.0 = Release|Any CPU
		{D2B5ED10-AC23-46EF-9C9C-A48A686C7D8E}.Debug|Any CPU.ActiveCfg = Debug|Any CPU
		{D2B5ED10-AC23-46EF-9C9C-A48A686C7D8E}.Debug|Any CPU.Build.0 = Debug|Any CPU
		{D2B5ED10-AC23-46EF-9C9C-A48A686C7D8E}.Debug|x64.ActiveCfg = Debug|Any CPU
		{D2B5ED10-AC23-46EF-9C9C-A48A686C7D8E}.Debug|x64.Build.0 = Debug|Any CPU
		{D2B5ED10-AC23-46EF-9C9C-A48A686C7D8E}.Debug|x86.ActiveCfg = Debug|Any CPU
		{D2B5ED10-AC23-46EF-9C9C-A48A686C7D8E}.Debug|x86.Build.0 = Debug|Any CPU
		{D2B5ED10-AC23-46EF-9C9C-A48A686C7D8E}.Release|Any CPU.ActiveCfg = Release|Any CPU
		{D2B5ED10-AC23-46EF-9C9C-A48A686C7D8E}.Release|Any CPU.Build.0 = Release|Any CPU
		{D2B5ED10-AC23-46EF-9C9C-A48A686C7D8E}.Release|x64.ActiveCfg = Release|Any CPU
		{D2B5ED10-AC23-46EF-9C9C-A48A686C7D8E}.Release|x64.Build.0 = Release|Any CPU
		{D2B5ED10-AC23-46EF-9C9C-A48A686C7D8E}.Release|x86.ActiveCfg = Release|Any CPU
		{D2B5ED10-AC23-46EF-9C9C-A48A686C7D8E}.Release|x86.Build.0 = Release|Any CPU
		{7D5DC3C7-4812-4049-95A4-42117300D03C}.Debug|Any CPU.ActiveCfg = Debug|Any CPU
		{7D5DC3C7-4812-4049-95A4-42117300D03C}.Debug|Any CPU.Build.0 = Debug|Any CPU
		{7D5DC3C7-4812-4049-95A4-42117300D03C}.Debug|x64.ActiveCfg = Debug|Any CPU
		{7D5DC3C7-4812-4049-95A4-42117300D03C}.Debug|x64.Build.0 = Debug|Any CPU
		{7D5DC3C7-4812-4049-95A4-42117300D03C}.Debug|x86.ActiveCfg = Debug|Any CPU
		{7D5DC3C7-4812-4049-95A4-42117300D03C}.Debug|x86.Build.0 = Debug|Any CPU
		{7D5DC3C7-4812-4049-95A4-42117300D03C}.Release|Any CPU.ActiveCfg = Release|Any CPU
		{7D5DC3C7-4812-4049-95A4-42117300D03C}.Release|Any CPU.Build.0 = Release|Any CPU
		{7D5DC3C7-4812-4049-95A4-42117300D03C}.Release|x64.ActiveCfg = Release|Any CPU
		{7D5DC3C7-4812-4049-95A4-42117300D03C}.Release|x64.Build.0 = Release|Any CPU
		{7D5DC3C7-4812-4049-95A4-42117300D03C}.Release|x86.ActiveCfg = Release|Any CPU
		{7D5DC3C7-4812-4049-95A4-42117300D03C}.Release|x86.Build.0 = Release|Any CPU
		{0BCB10A7-037B-4674-82FC-1340827BA26A}.Debug|Any CPU.ActiveCfg = Debug|Any CPU
		{0BCB10A7-037B-4674-82FC-1340827BA26A}.Debug|Any CPU.Build.0 = Debug|Any CPU
		{0BCB10A7-037B-4674-82FC-1340827BA26A}.Debug|x64.ActiveCfg = Debug|Any CPU
		{0BCB10A7-037B-4674-82FC-1340827BA26A}.Debug|x64.Build.0 = Debug|Any CPU
		{0BCB10A7-037B-4674-82FC-1340827BA26A}.Debug|x86.ActiveCfg = Debug|Any CPU
		{0BCB10A7-037B-4674-82FC-1340827BA26A}.Debug|x86.Build.0 = Debug|Any CPU
		{0BCB10A7-037B-4674-82FC-1340827BA26A}.Release|Any CPU.ActiveCfg = Release|Any CPU
		{0BCB10A7-037B-4674-82FC-1340827BA26A}.Release|Any CPU.Build.0 = Release|Any CPU
		{0BCB10A7-037B-4674-82FC-1340827BA26A}.Release|x64.ActiveCfg = Release|Any CPU
		{0BCB10A7-037B-4674-82FC-1340827BA26A}.Release|x64.Build.0 = Release|Any CPU
		{0BCB10A7-037B-4674-82FC-1340827BA26A}.Release|x86.ActiveCfg = Release|Any CPU
		{0BCB10A7-037B-4674-82FC-1340827BA26A}.Release|x86.Build.0 = Release|Any CPU
		{9C37188D-4B3A-4C81-8087-BF81F5FB0B75}.Debug|Any CPU.ActiveCfg = Debug|Any CPU
		{9C37188D-4B3A-4C81-8087-BF81F5FB0B75}.Debug|Any CPU.Build.0 = Debug|Any CPU
		{9C37188D-4B3A-4C81-8087-BF81F5FB0B75}.Debug|x64.ActiveCfg = Debug|Any CPU
		{9C37188D-4B3A-4C81-8087-BF81F5FB0B75}.Debug|x64.Build.0 = Debug|Any CPU
		{9C37188D-4B3A-4C81-8087-BF81F5FB0B75}.Debug|x86.ActiveCfg = Debug|Any CPU
		{9C37188D-4B3A-4C81-8087-BF81F5FB0B75}.Debug|x86.Build.0 = Debug|Any CPU
		{9C37188D-4B3A-4C81-8087-BF81F5FB0B75}.Release|Any CPU.ActiveCfg = Release|Any CPU
		{9C37188D-4B3A-4C81-8087-BF81F5FB0B75}.Release|Any CPU.Build.0 = Release|Any CPU
		{9C37188D-4B3A-4C81-8087-BF81F5FB0B75}.Release|x64.ActiveCfg = Release|Any CPU
		{9C37188D-4B3A-4C81-8087-BF81F5FB0B75}.Release|x64.Build.0 = Release|Any CPU
		{9C37188D-4B3A-4C81-8087-BF81F5FB0B75}.Release|x86.ActiveCfg = Release|Any CPU
		{9C37188D-4B3A-4C81-8087-BF81F5FB0B75}.Release|x86.Build.0 = Release|Any CPU
		{849DF4E7-F43F-4238-ABAF-E3B145098584}.Debug|Any CPU.ActiveCfg = Debug|Any CPU
		{849DF4E7-F43F-4238-ABAF-E3B145098584}.Debug|Any CPU.Build.0 = Debug|Any CPU
		{849DF4E7-F43F-4238-ABAF-E3B145098584}.Debug|Any CPU.Deploy.0 = Debug|Any CPU
		{849DF4E7-F43F-4238-ABAF-E3B145098584}.Debug|x64.ActiveCfg = Debug|Any CPU
		{849DF4E7-F43F-4238-ABAF-E3B145098584}.Debug|x64.Build.0 = Debug|Any CPU
		{849DF4E7-F43F-4238-ABAF-E3B145098584}.Debug|x64.Deploy.0 = Debug|Any CPU
		{849DF4E7-F43F-4238-ABAF-E3B145098584}.Debug|x86.ActiveCfg = Debug|Any CPU
		{849DF4E7-F43F-4238-ABAF-E3B145098584}.Debug|x86.Build.0 = Debug|Any CPU
		{849DF4E7-F43F-4238-ABAF-E3B145098584}.Debug|x86.Deploy.0 = Debug|Any CPU
		{849DF4E7-F43F-4238-ABAF-E3B145098584}.Release|Any CPU.ActiveCfg = Release|Any CPU
		{849DF4E7-F43F-4238-ABAF-E3B145098584}.Release|Any CPU.Build.0 = Release|Any CPU
		{849DF4E7-F43F-4238-ABAF-E3B145098584}.Release|Any CPU.Deploy.0 = Release|Any CPU
		{849DF4E7-F43F-4238-ABAF-E3B145098584}.Release|x64.ActiveCfg = Release|Any CPU
		{849DF4E7-F43F-4238-ABAF-E3B145098584}.Release|x64.Build.0 = Release|Any CPU
		{849DF4E7-F43F-4238-ABAF-E3B145098584}.Release|x64.Deploy.0 = Release|Any CPU
		{849DF4E7-F43F-4238-ABAF-E3B145098584}.Release|x86.ActiveCfg = Release|Any CPU
		{849DF4E7-F43F-4238-ABAF-E3B145098584}.Release|x86.Build.0 = Release|Any CPU
		{849DF4E7-F43F-4238-ABAF-E3B145098584}.Release|x86.Deploy.0 = Release|Any CPU
	EndGlobalSection
	GlobalSection(SolutionProperties) = preSolution
		HideSolutionNode = FALSE
	EndGlobalSection
	GlobalSection(ExtensibilityGlobals) = postSolution
		SolutionGuid = {40F97A5A-FC0C-45DB-9188-0DF3DA5108C0}
	EndGlobalSection
EndGlobal
